
Microsoft Visual Studio Solution File, Format Version 12.00
# Visual Studio Version 17
VisualStudioVersion = 17.7.34024.191
MinimumVisualStudioVersion = 10.0.40219.1
Project("{2150E333-8FDC-42A3-9474-1A3956D46DE8}") = "Task0", "Task0", "{95AE32D7-B31B-4CD7-8E81-C68CF3143647}"
EndProject
Project("{FAE04EC0-301F-11D3-BF4B-00C04F79EFBC}") = "Tyuiu.KosovAS.Sprint5.Task0.V22", "Tyuiu.KosovAS.Sprint5.Task0.V22\Tyuiu.KosovAS.Sprint5.Task0.V22.csproj", "{A35664FB-9909-485F-A4CD-5B9AB21E2809}"
EndProject
Project("{FAE04EC0-301F-11D3-BF4B-00C04F79EFBC}") = "Tyuiu.KosovAS.Sprint5.Task0.V22.Lib", "Tyuiu.KosovAS.Sprint5.Task0.V22.Lib\Tyuiu.KosovAS.Sprint5.Task0.V22.Lib.csproj", "{9580E7D4-93C9-4840-B080-A7AA2954559C}"
EndProject
Project("{FAE04EC0-301F-11D3-BF4B-00C04F79EFBC}") = "Tyuiu.KosovAS.Sprint5.Task0.V22.Test", "Tyuiu.KosovAS.Sprint5.Task0.V22.Test\Tyuiu.KosovAS.Sprint5.Task0.V22.Test.csproj", "{C60A3D41-ED02-4FF8-BAF3-B0B2635D5D59}"
EndProject
Project("{2150E333-8FDC-42A3-9474-1A3956D46DE8}") = "Task1", "Task1", "{709B1980-E1F1-47AC-905E-3A4499329AB1}"
EndProject
Project("{FAE04EC0-301F-11D3-BF4B-00C04F79EFBC}") = "Tyuiu.KosovAS.Sprint5.Task1.V19", "Tyuiu.KosovAS.Sprint5.Task1.V19\Tyuiu.KosovAS.Sprint5.Task1.V19.csproj", "{C02A0BD5-92AB-43A2-9C4F-9A76AFE591C8}"
EndProject
Project("{FAE04EC0-301F-11D3-BF4B-00C04F79EFBC}") = "Tyuiu.KosovAS.Sprint5.Task1.V19.Lib", "Tyuiu.KosovAS.Sprint5.Task1.V19.Lib\Tyuiu.KosovAS.Sprint5.Task1.V19.Lib.csproj", "{614526FC-63ED-4678-9D21-4F8F728A712E}"
EndProject
Project("{FAE04EC0-301F-11D3-BF4B-00C04F79EFBC}") = "Tyuiu.KosovAS.Sprint5.Task1.V19.Test", "Tyuiu.KosovAS.Sprint5.Task1.V19.Test\Tyuiu.KosovAS.Sprint5.Task1.V19.Test.csproj", "{29D40B0D-9E62-4967-91F1-229DA6F62E2E}"
EndProject
Project("{2150E333-8FDC-42A3-9474-1A3956D46DE8}") = "Task2", "Task2", "{1D12358D-F80E-42D2-9846-EB739D0F5CC8}"
EndProject
Project("{FAE04EC0-301F-11D3-BF4B-00C04F79EFBC}") = "Tyuiu.KosovAS.Sprint5.Task2.V1", "Tyuiu.KosovAS.Sprint5.Task2.V1\Tyuiu.KosovAS.Sprint5.Task2.V1.csproj", "{6877CF98-9148-431A-902B-D8DFAEA8C3DD}"
EndProject
Project("{FAE04EC0-301F-11D3-BF4B-00C04F79EFBC}") = "Tyuiu.KosovAS.Sprint5.Task2.V1.Lib", "Tyuiu.KosovAS.Sprint5.Task2.V1.Lib\Tyuiu.KosovAS.Sprint5.Task2.V1.Lib.csproj", "{A96471CC-34A5-4FC8-B44A-A18D28C2F4E9}"
EndProject
Project("{FAE04EC0-301F-11D3-BF4B-00C04F79EFBC}") = "Tyuiu.KosovAS.Sprint5.Task2.V1.Test", "Tyuiu.KosovAS.Sprint5.Task2.V1.Test\Tyuiu.KosovAS.Sprint5.Task2.V1.Test.csproj", "{58B1ECDE-2E26-499A-BE80-E5D6B7D05FF8}"
EndProject
Global
	GlobalSection(SolutionConfigurationPlatforms) = preSolution
		Debug|Any CPU = Debug|Any CPU
		Release|Any CPU = Release|Any CPU
	EndGlobalSection
	GlobalSection(ProjectConfigurationPlatforms) = postSolution
		{A35664FB-9909-485F-A4CD-5B9AB21E2809}.Debug|Any CPU.ActiveCfg = Debug|Any CPU
		{A35664FB-9909-485F-A4CD-5B9AB21E2809}.Debug|Any CPU.Build.0 = Debug|Any CPU
		{A35664FB-9909-485F-A4CD-5B9AB21E2809}.Release|Any CPU.ActiveCfg = Release|Any CPU
		{A35664FB-9909-485F-A4CD-5B9AB21E2809}.Release|Any CPU.Build.0 = Release|Any CPU
		{9580E7D4-93C9-4840-B080-A7AA2954559C}.Debug|Any CPU.ActiveCfg = Debug|Any CPU
		{9580E7D4-93C9-4840-B080-A7AA2954559C}.Debug|Any CPU.Build.0 = Debug|Any CPU
		{9580E7D4-93C9-4840-B080-A7AA2954559C}.Release|Any CPU.ActiveCfg = Release|Any CPU
		{9580E7D4-93C9-4840-B080-A7AA2954559C}.Release|Any CPU.Build.0 = Release|Any CPU
		{C60A3D41-ED02-4FF8-BAF3-B0B2635D5D59}.Debug|Any CPU.ActiveCfg = Debug|Any CPU
		{C60A3D41-ED02-4FF8-BAF3-B0B2635D5D59}.Debug|Any CPU.Build.0 = Debug|Any CPU
		{C60A3D41-ED02-4FF8-BAF3-B0B2635D5D59}.Release|Any CPU.ActiveCfg = Release|Any CPU
		{C60A3D41-ED02-4FF8-BAF3-B0B2635D5D59}.Release|Any CPU.Build.0 = Release|Any CPU
		{C02A0BD5-92AB-43A2-9C4F-9A76AFE591C8}.Debug|Any CPU.ActiveCfg = Debug|Any CPU
		{C02A0BD5-92AB-43A2-9C4F-9A76AFE591C8}.Debug|Any CPU.Build.0 = Debug|Any CPU
		{C02A0BD5-92AB-43A2-9C4F-9A76AFE591C8}.Release|Any CPU.ActiveCfg = Release|Any CPU
		{C02A0BD5-92AB-43A2-9C4F-9A76AFE591C8}.Release|Any CPU.Build.0 = Release|Any CPU
		{614526FC-63ED-4678-9D21-4F8F728A712E}.Debug|Any CPU.ActiveCfg = Debug|Any CPU
		{614526FC-63ED-4678-9D21-4F8F728A712E}.Debug|Any CPU.Build.0 = Debug|Any CPU
		{614526FC-63ED-4678-9D21-4F8F728A712E}.Release|Any CPU.ActiveCfg = Release|Any CPU
		{614526FC-63ED-4678-9D21-4F8F728A712E}.Release|Any CPU.Build.0 = Release|Any CPU
		{29D40B0D-9E62-4967-91F1-229DA6F62E2E}.Debug|Any CPU.ActiveCfg = Debug|Any CPU
		{29D40B0D-9E62-4967-91F1-229DA6F62E2E}.Debug|Any CPU.Build.0 = Debug|Any CPU
		{29D40B0D-9E62-4967-91F1-229DA6F62E2E}.Release|Any CPU.ActiveCfg = Release|Any CPU
		{29D40B0D-9E62-4967-91F1-229DA6F62E2E}.Release|Any CPU.Build.0 = Release|Any CPU
		{6877CF98-9148-431A-902B-D8DFAEA8C3DD}.Debug|Any CPU.ActiveCfg = Debug|Any CPU
		{6877CF98-9148-431A-902B-D8DFAEA8C3DD}.Debug|Any CPU.Build.0 = Debug|Any CPU
		{6877CF98-9148-431A-902B-D8DFAEA8C3DD}.Release|Any CPU.ActiveCfg = Release|Any CPU
		{6877CF98-9148-431A-902B-D8DFAEA8C3DD}.Release|Any CPU.Build.0 = Release|Any CPU
		{A96471CC-34A5-4FC8-B44A-A18D28C2F4E9}.Debug|Any CPU.ActiveCfg = Debug|Any CPU
		{A96471CC-34A5-4FC8-B44A-A18D28C2F4E9}.Debug|Any CPU.Build.0 = Debug|Any CPU
		{A96471CC-34A5-4FC8-B44A-A18D28C2F4E9}.Release|Any CPU.ActiveCfg = Release|Any CPU
		{A96471CC-34A5-4FC8-B44A-A18D28C2F4E9}.Release|Any CPU.Build.0 = Release|Any CPU
		{58B1ECDE-2E26-499A-BE80-E5D6B7D05FF8}.Debug|Any CPU.ActiveCfg = Debug|Any CPU
		{58B1ECDE-2E26-499A-BE80-E5D6B7D05FF8}.Debug|Any CPU.Build.0 = Debug|Any CPU
		{58B1ECDE-2E26-499A-BE80-E5D6B7D05FF8}.Release|Any CPU.ActiveCfg = Release|Any CPU
		{58B1ECDE-2E26-499A-BE80-E5D6B7D05FF8}.Release|Any CPU.Build.0 = Release|Any CPU
	EndGlobalSection
	GlobalSection(SolutionProperties) = preSolution
		HideSolutionNode = FALSE
	EndGlobalSection
	GlobalSection(NestedProjects) = preSolution
		{A35664FB-9909-485F-A4CD-5B9AB21E2809} = {95AE32D7-B31B-4CD7-8E81-C68CF3143647}
		{9580E7D4-93C9-4840-B080-A7AA2954559C} = {95AE32D7-B31B-4CD7-8E81-C68CF3143647}
		{C60A3D41-ED02-4FF8-BAF3-B0B2635D5D59} = {95AE32D7-B31B-4CD7-8E81-C68CF3143647}
		{C02A0BD5-92AB-43A2-9C4F-9A76AFE591C8} = {709B1980-E1F1-47AC-905E-3A4499329AB1}
		{614526FC-63ED-4678-9D21-4F8F728A712E} = {709B1980-E1F1-47AC-905E-3A4499329AB1}
		{29D40B0D-9E62-4967-91F1-229DA6F62E2E} = {709B1980-E1F1-47AC-905E-3A4499329AB1}
		{6877CF98-9148-431A-902B-D8DFAEA8C3DD} = {1D12358D-F80E-42D2-9846-EB739D0F5CC8}
		{A96471CC-34A5-4FC8-B44A-A18D28C2F4E9} = {1D12358D-F80E-42D2-9846-EB739D0F5CC8}
		{58B1ECDE-2E26-499A-BE80-E5D6B7D05FF8} = {1D12358D-F80E-42D2-9846-EB739D0F5CC8}
	EndGlobalSection
	GlobalSection(ExtensibilityGlobals) = postSolution
		SolutionGuid = {0309C3F5-EE4F-4AC6-A6A6-11B09CB7B92E}
	EndGlobalSection
EndGlobal
